
Microsoft Visual Studio Solution File, Format Version 12.00
# Visual Studio Version 17
VisualStudioVersion = 17.7.34202.233
MinimumVisualStudioVersion = 10.0.40219.1
Project("{9A19103F-16F7-4668-BE54-9A1E7A4F7556}") = "WebApplication_Online Shopping", "WebApplication_Online Shopping\WebApplication_Online Shopping.csproj", "{239C6004-CF29-44C2-A092-0A5197881996}"
EndProject
Global
	GlobalSection(SolutionConfigurationPlatforms) = preSolution
		Debug|Any CPU = Debug|Any CPU
		Release|Any CPU = Release|Any CPU
	EndGlobalSection
	GlobalSection(ProjectConfigurationPlatforms) = postSolution
		{239C6004-CF29-44C2-A092-0A5197881996}.Debug|Any CPU.ActiveCfg = Debug|Any CPU
		{239C6004-CF29-44C2-A092-0A5197881996}.Debug|Any CPU.Build.0 = Debug|Any CPU
		{239C6004-CF29-44C2-A092-0A5197881996}.Release|Any CPU.ActiveCfg = Release|Any CPU
		{239C6004-CF29-44C2-A092-0A5197881996}.Release|Any CPU.Build.0 = Release|Any CPU
	EndGlobalSection
	GlobalSection(SolutionProperties) = preSolution
		HideSolutionNode = FALSE
	EndGlobalSection
	GlobalSection(ExtensibilityGlobals) = postSolution
		SolutionGuid = {8E6F544C-92D2-49FD-80C3-E843A4D5A62C}
	EndGlobalSection
EndGlobal
